
Microsoft Visual Studio Solution File, Format Version 12.00
# Visual Studio Version 17
VisualStudioVersion = 17.9.34622.214
MinimumVisualStudioVersion = 10.0.40219.1
Project("{FAE04EC0-301F-11D3-BF4B-00C04F79EFBC}") = "BTVN5", "BTVN5.csproj", "{296CEB8F-AD72-4F22-AC6C-A6F150C2635A}"
EndProject
Global
	GlobalSection(SolutionConfigurationPlatforms) = preSolution
		Debug|Any CPU = Debug|Any CPU
		Release|Any CPU = Release|Any CPU
	EndGlobalSection
	GlobalSection(ProjectConfigurationPlatforms) = postSolution
		{296CEB8F-AD72-4F22-AC6C-A6F150C2635A}.Debug|Any CPU.ActiveCfg = Debug|Any CPU
		{296CEB8F-AD72-4F22-AC6C-A6F150C2635A}.Debug|Any CPU.Build.0 = Debug|Any CPU
		{296CEB8F-AD72-4F22-AC6C-A6F150C2635A}.Release|Any CPU.ActiveCfg = Release|Any CPU
		{296CEB8F-AD72-4F22-AC6C-A6F150C2635A}.Release|Any CPU.Build.0 = Release|Any CPU
	EndGlobalSection
	GlobalSection(SolutionProperties) = preSolution
		HideSolutionNode = FALSE
	EndGlobalSection
	GlobalSection(ExtensibilityGlobals) = postSolution
		SolutionGuid = {67F350B3-026B-4115-9A45-A47C34C1202D}
	EndGlobalSection
EndGlobal
